
Microsoft Visual Studio Solution File, Format Version 12.00
Project("{FAE04EC0-301F-11D3-BF4B-00C04F79EFBC}") = "mmorpg exchange", "mmorpg exchange.csproj", "{DA050D19-5460-4532-9604-59BB3DAA14C7}"
EndProject
Global
	GlobalSection(SolutionConfigurationPlatforms) = preSolution
		Debug|Any CPU = Debug|Any CPU
		Release|Any CPU = Release|Any CPU
	EndGlobalSection
	GlobalSection(ProjectConfigurationPlatforms) = postSolution
		{DA050D19-5460-4532-9604-59BB3DAA14C7}.Debug|Any CPU.ActiveCfg = Debug|Any CPU
		{DA050D19-5460-4532-9604-59BB3DAA14C7}.Debug|Any CPU.Build.0 = Debug|Any CPU
		{DA050D19-5460-4532-9604-59BB3DAA14C7}.Release|Any CPU.ActiveCfg = Release|Any CPU
		{DA050D19-5460-4532-9604-59BB3DAA14C7}.Release|Any CPU.Build.0 = Release|Any CPU
	EndGlobalSection
EndGlobal
